
Microsoft Visual Studio Solution File, Format Version 12.00
# Visual Studio 15
VisualStudioVersion = 15.0.28307.489
MinimumVisualStudioVersion = 10.0.40219.1
Project("{FAE04EC0-301F-11D3-BF4B-00C04F79EFBC}") = "CastleWindsorFactory", "CastleWindsorFactory\CastleWindsorFactory.csproj", "{9FFCFC65-9C93-4D38-9712-109EEFAD130A}"
EndProject
Project("{FAE04EC0-301F-11D3-BF4B-00C04F79EFBC}") = "Test.CastleWindsorFactory", "Test.CastleWindsorFactory\Test.CastleWindsorFactory.csproj", "{880DCDB7-60E6-4E33-9956-842A5445B8C8}"
EndProject
Global
	GlobalSection(SolutionConfigurationPlatforms) = preSolution
		Debug|Any CPU = Debug|Any CPU
		Release|Any CPU = Release|Any CPU
	EndGlobalSection
	GlobalSection(ProjectConfigurationPlatforms) = postSolution
		{9FFCFC65-9C93-4D38-9712-109EEFAD130A}.Debug|Any CPU.ActiveCfg = Debug|Any CPU
		{9FFCFC65-9C93-4D38-9712-109EEFAD130A}.Debug|Any CPU.Build.0 = Debug|Any CPU
		{9FFCFC65-9C93-4D38-9712-109EEFAD130A}.Release|Any CPU.ActiveCfg = Release|Any CPU
		{9FFCFC65-9C93-4D38-9712-109EEFAD130A}.Release|Any CPU.Build.0 = Release|Any CPU
		{880DCDB7-60E6-4E33-9956-842A5445B8C8}.Debug|Any CPU.ActiveCfg = Debug|Any CPU
		{880DCDB7-60E6-4E33-9956-842A5445B8C8}.Debug|Any CPU.Build.0 = Debug|Any CPU
		{880DCDB7-60E6-4E33-9956-842A5445B8C8}.Release|Any CPU.ActiveCfg = Release|Any CPU
		{880DCDB7-60E6-4E33-9956-842A5445B8C8}.Release|Any CPU.Build.0 = Release|Any CPU
	EndGlobalSection
	GlobalSection(SolutionProperties) = preSolution
		HideSolutionNode = FALSE
	EndGlobalSection
	GlobalSection(ExtensibilityGlobals) = postSolution
		SolutionGuid = {4E856CC8-2AA0-4CFC-8046-A23B156EC887}
	EndGlobalSection
EndGlobal
